
Microsoft Visual Studio Solution File, Format Version 12.00
# Visual Studio Version 17
VisualStudioVersion = 17.3.32929.385
MinimumVisualStudioVersion = 10.0.40219.1
Project("{FAE04EC0-301F-11D3-BF4B-00C04F79EFBC}") = "wp-uptime-alert", "wp-uptime-alert.csproj", "{DBAC63B3-1C6D-44AA-B40A-83C558D384AC}"
EndProject
Global
	GlobalSection(SolutionConfigurationPlatforms) = preSolution
		Debug|Any CPU = Debug|Any CPU
		Release|Any CPU = Release|Any CPU
	EndGlobalSection
	GlobalSection(ProjectConfigurationPlatforms) = postSolution
		{DBAC63B3-1C6D-44AA-B40A-83C558D384AC}.Debug|Any CPU.ActiveCfg = Debug|Any CPU
		{DBAC63B3-1C6D-44AA-B40A-83C558D384AC}.Debug|Any CPU.Build.0 = Debug|Any CPU
		{DBAC63B3-1C6D-44AA-B40A-83C558D384AC}.Release|Any CPU.ActiveCfg = Release|Any CPU
		{DBAC63B3-1C6D-44AA-B40A-83C558D384AC}.Release|Any CPU.Build.0 = Release|Any CPU
	EndGlobalSection
	GlobalSection(SolutionProperties) = preSolution
		HideSolutionNode = FALSE
	EndGlobalSection
	GlobalSection(ExtensibilityGlobals) = postSolution
		SolutionGuid = {8ADBC32F-2083-47A0-B4BD-59EFA7B7F454}
	EndGlobalSection
EndGlobal
